
Microsoft Visual Studio Solution File, Format Version 12.00
# Visual Studio Version 17
VisualStudioVersion = 17.4.33103.184
MinimumVisualStudioVersion = 10.0.40219.1
Project("{FAE04EC0-301F-11D3-BF4B-00C04F79EFBC}") = "SweetMeSoft.Library", "SweetMeSoft.Library\SweetMeSoft.Library.csproj", "{DD99ACE7-D3F3-4F36-9BE9-BD1656A406C0}"
EndProject
Global
	GlobalSection(SolutionConfigurationPlatforms) = preSolution
		Debug|Any CPU = Debug|Any CPU
		Release|Any CPU = Release|Any CPU
	EndGlobalSection
	GlobalSection(ProjectConfigurationPlatforms) = postSolution
		{DD99ACE7-D3F3-4F36-9BE9-BD1656A406C0}.Debug|Any CPU.ActiveCfg = Debug|Any CPU
		{DD99ACE7-D3F3-4F36-9BE9-BD1656A406C0}.Debug|Any CPU.Build.0 = Debug|Any CPU
		{DD99ACE7-D3F3-4F36-9BE9-BD1656A406C0}.Release|Any CPU.ActiveCfg = Release|Any CPU
		{DD99ACE7-D3F3-4F36-9BE9-BD1656A406C0}.Release|Any CPU.Build.0 = Release|Any CPU
	EndGlobalSection
	GlobalSection(SolutionProperties) = preSolution
		HideSolutionNode = FALSE
	EndGlobalSection
	GlobalSection(ExtensibilityGlobals) = postSolution
		SolutionGuid = {C96F1520-1534-4F4E-8578-F81F9031D9AD}
	EndGlobalSection
EndGlobal
